// !$*UTF8*$!
{
	archiveVersion = 1;
	classes = {
	};
	objectVersion = 50;
	objects = {

/* Begin PBXBuildFile section */
		84AB84BF2689450700EAD613 /* UnitConversionApp.swift in Sources */ = {isa = PBXBuildFile; fileRef = 84AB84AC2689450300EAD613 /* UnitConversionApp.swift */; };
		84AB84C02689450700EAD613 /* UnitConversionApp.swift in Sources */ = {isa = PBXBuildFile; fileRef = 84AB84AC2689450300EAD613 /* UnitConversionApp.swift */; };
		84AB84C12689450700EAD613 /* ContentView.swift in Sources */ = {isa = PBXBuildFile; fileRef = 84AB84AD2689450300EAD613 /* ContentView.swift */; };
		84AB84C22689450700EAD613 /* ContentView.swift in Sources */ = {isa = PBXBuildFile; fileRef = 84AB84AD2689450300EAD613 /* ContentView.swift */; };
		84AB84C32689450700EAD613 /* Assets.xcassets in Resources */ = {isa = PBXBuildFile; fileRef = 84AB84AE2689450600EAD613 /* Assets.xcassets */; };
		84AB84C42689450700EAD613 /* Assets.xcassets in Resources */ = {isa = PBXBuildFile; fileRef = 84AB84AE2689450600EAD613 /* Assets.xcassets */; };
		84AB84CE2689477800EAD613 /* TemperatureView.swift in Sources */ = {isa = PBXBuildFile; fileRef = 84AB84CD2689477800EAD613 /* TemperatureView.swift */; };
		84AB84CF2689477800EAD613 /* TemperatureView.swift in Sources */ = {isa = PBXBuildFile; fileRef = 84AB84CD2689477800EAD613 /* TemperatureView.swift */; };
		84AB84D126894BC200EAD613 /* MainView.swift in Sources */ = {isa = PBXBuildFile; fileRef = 84AB84D026894BC200EAD613 /* MainView.swift */; };
		84AB84D226894BC200EAD613 /* MainView.swift in Sources */ = {isa = PBXBuildFile; fileRef = 84AB84D026894BC200EAD613 /* MainView.swift */; };
		84AB84D426894C9600EAD613 /* LengthConversionView.swift in Sources */ = {isa = PBXBuildFile; fileRef = 84AB84D326894C9600EAD613 /* LengthConversionView.swift */; };
		84AB84D526894C9600EAD613 /* LengthConversionView.swift in Sources */ = {isa = PBXBuildFile; fileRef = 84AB84D326894C9600EAD613 /* LengthConversionView.swift */; };
/* End PBXBuildFile section */

/* Begin PBXFileReference section */
		84AB84AC2689450300EAD613 /* UnitConversionApp.swift */ = {isa = PBXFileReference; lastKnownFileType = sourcecode.swift; path = UnitConversionApp.swift; sourceTree = "<group>"; };
		84AB84AD2689450300EAD613 /* ContentView.swift */ = {isa = PBXFileReference; lastKnownFileType = sourcecode.swift; path = ContentView.swift; sourceTree = "<group>"; };
		84AB84AE2689450600EAD613 /* Assets.xcassets */ = {isa = PBXFileReference; lastKnownFileType = folder.assetcatalog; path = Assets.xcassets; sourceTree = "<group>"; };
		84AB84B32689450600EAD613 /* UnitConversion.app */ = {isa = PBXFileReference; explicitFileType = wrapper.application; includeInIndex = 0; path = UnitConversion.app; sourceTree = BUILT_PRODUCTS_DIR; };
		84AB84B62689450600EAD613 /* Info.plist */ = {isa = PBXFileReference; lastKnownFileType = text.plist.xml; path = Info.plist; sourceTree = "<group>"; };
		84AB84BB2689450600EAD613 /* UnitConversion.app */ = {isa = PBXFileReference; explicitFileType = wrapper.application; includeInIndex = 0; path = UnitConversion.app; sourceTree = BUILT_PRODUCTS_DIR; };
		84AB84BD2689450600EAD613 /* Info.plist */ = {isa = PBXFileReference; lastKnownFileType = text.plist.xml; path = Info.plist; sourceTree = "<group>"; };
		84AB84BE2689450600EAD613 /* macOS.entitlements */ = {isa = PBXFileReference; lastKnownFileType = text.plist.entitlements; path = macOS.entitlements; sourceTree = "<group>"; };
		84AB84CD2689477800EAD613 /* TemperatureView.swift */ = {isa = PBXFileReference; lastKnownFileType = sourcecode.swift; path = TemperatureView.swift; sourceTree = "<group>"; };
		84AB84D026894BC200EAD613 /* MainView.swift */ = {isa = PBXFileReference; lastKnownFileType = sourcecode.swift; path = MainView.swift; sourceTree = "<group>"; };
		84AB84D326894C9600EAD613 /* LengthConversionView.swift */ = {isa = PBXFileReference; lastKnownFileType = sourcecode.swift; path = LengthConversionView.swift; sourceTree = "<group>"; };
/* End PBXFileReference section */

/* Begin PBXFrameworksBuildPhase section */
		84AB84B02689450600EAD613 /* Frameworks */ = {
			isa = PBXFrameworksBuildPhase;
			buildActionMask = 2147483647;
			files = (
			);
			runOnlyForDeploymentPostprocessing = 0;
		};
		84AB84B82689450600EAD613 /* Frameworks */ = {
			isa = PBXFrameworksBuildPhase;
			buildActionMask = 2147483647;
			files = (
			);
			runOnlyForDeploymentPostprocessing = 0;
		};
/* End PBXFrameworksBuildPhase section */

/* Begin PBXGroup section */
		84AB84A62689450300EAD613 = {
			isa = PBXGroup;
			children = (
				84AB84AB2689450300EAD613 /* Shared */,
				84AB84B52689450600EAD613 /* iOS */,
				84AB84BC2689450600EAD613 /* macOS */,
				84AB84B42689450600EAD613 /* Products */,
			);
			sourceTree = "<group>";
		};
		84AB84AB2689450300EAD613 /* Shared */ = {
			isa = PBXGroup;
			children = (
				84AB84D626894D0400EAD613 /* ConversionViews */,
				84AB84AC2689450300EAD613 /* UnitConversionApp.swift */,
				84AB84AD2689450300EAD613 /* ContentView.swift */,
				84AB84AE2689450600EAD613 /* Assets.xcassets */,
				84AB84D026894BC200EAD613 /* MainView.swift */,
			);
			path = Shared;
			sourceTree = "<group>";
		};
		84AB84B42689450600EAD613 /* Products */ = {
			isa = PBXGroup;
			children = (
				84AB84B32689450600EAD613 /* UnitConversion.app */,
				84AB84BB2689450600EAD613 /* UnitConversion.app */,
			);
			name = Products;
			sourceTree = "<group>";
		};
		84AB84B52689450600EAD613 /* iOS */ = {
			isa = PBXGroup;
			children = (
				84AB84B62689450600EAD613 /* Info.plist */,
			);
			path = iOS;
			sourceTree = "<group>";
		};
		84AB84BC2689450600EAD613 /* macOS */ = {
			isa = PBXGroup;
			children = (
				84AB84BD2689450600EAD613 /* Info.plist */,
				84AB84BE2689450600EAD613 /* macOS.entitlements */,
			);
			path = macOS;
			sourceTree = "<group>";
		};
		84AB84D626894D0400EAD613 /* ConversionViews */ = {
			isa = PBXGroup;
			children = (
				84AB84CD2689477800EAD613 /* TemperatureView.swift */,
				84AB84D326894C9600EAD613 /* LengthConversionView.swift */,
			);
			path = ConversionViews;
			sourceTree = "<group>";
		};
/* End PBXGroup section */

/* Begin PBXNativeTarget section */
		84AB84B22689450600EAD613 /* UnitConversion (iOS) */ = {
			isa = PBXNativeTarget;
			buildConfigurationList = 84AB84C72689450700EAD613 /* Build configuration list for PBXNativeTarget "UnitConversion (iOS)" */;
			buildPhases = (
				84AB84AF2689450600EAD613 /* Sources */,
				84AB84B02689450600EAD613 /* Frameworks */,
				84AB84B12689450600EAD613 /* Resources */,
			);
			buildRules = (
			);
			dependencies = (
			);
			name = "UnitConversion (iOS)";
			productName = "UnitConversion (iOS)";
			productReference = 84AB84B32689450600EAD613 /* UnitConversion.app */;
			productType = "com.apple.product-type.application";
		};
		84AB84BA2689450600EAD613 /* UnitConversion (macOS) */ = {
			isa = PBXNativeTarget;
			buildConfigurationList = 84AB84CA2689450700EAD613 /* Build configuration list for PBXNativeTarget "UnitConversion (macOS)" */;
			buildPhases = (
				84AB84B72689450600EAD613 /* Sources */,
				84AB84B82689450600EAD613 /* Frameworks */,
				84AB84B92689450600EAD613 /* Resources */,
			);
			buildRules = (
			);
			dependencies = (
			);
			name = "UnitConversion (macOS)";
			productName = "UnitConversion (macOS)";
			productReference = 84AB84BB2689450600EAD613 /* UnitConversion.app */;
			productType = "com.apple.product-type.application";
		};
/* End PBXNativeTarget section */

/* Begin PBXProject section */
		84AB84A72689450300EAD613 /* Project object */ = {
			isa = PBXProject;
			attributes = {
				LastSwiftUpdateCheck = 1250;
				LastUpgradeCheck = 1250;
				TargetAttributes = {
					84AB84B22689450600EAD613 = {
						CreatedOnToolsVersion = 12.5.1;
					};
					84AB84BA2689450600EAD613 = {
						CreatedOnToolsVersion = 12.5.1;
					};
				};
			};
			buildConfigurationList = 84AB84AA2689450300EAD613 /* Build configuration list for PBXProject "UnitConversion" */;
			compatibilityVersion = "Xcode 9.3";
			developmentRegion = en;
			hasScannedForEncodings = 0;
			knownRegions = (
				en,
				Base,
			);
			mainGroup = 84AB84A62689450300EAD613;
			productRefGroup = 84AB84B42689450600EAD613 /* Products */;
			projectDirPath = "";
			projectRoot = "";
			targets = (
				84AB84B22689450600EAD613 /* UnitConversion (iOS) */,
				84AB84BA2689450600EAD613 /* UnitConversion (macOS) */,
			);
		};
/* End PBXProject section */

/* Begin PBXResourcesBuildPhase section */
		84AB84B12689450600EAD613 /* Resources */ = {
			isa = PBXResourcesBuildPhase;
			buildActionMask = 2147483647;
			files = (
				84AB84C32689450700EAD613 /* Assets.xcassets in Resources */,
			);
			runOnlyForDeploymentPostprocessing = 0;
		};
		84AB84B92689450600EAD613 /* Resources */ = {
			isa = PBXResourcesBuildPhase;
			buildActionMask = 2147483647;
			files = (
				84AB84C42689450700EAD613 /* Assets.xcassets in Resources */,
			);
			runOnlyForDeploymentPostprocessing = 0;
		};
/* End PBXResourcesBuildPhase section */

/* Begin PBXSourcesBuildPhase section */
		84AB84AF2689450600EAD613 /* Sources */ = {
			isa = PBXSourcesBuildPhase;
			buildActionMask = 2147483647;
			files = (
				84AB84D426894C9600EAD613 /* LengthConversionView.swift in Sources */,
				84AB84C12689450700EAD613 /* ContentView.swift in Sources */,
				84AB84D126894BC200EAD613 /* MainView.swift in Sources */,
				84AB84BF2689450700EAD613 /* UnitConversionApp.swift in Sources */,
				84AB84CE2689477800EAD613 /* TemperatureView.swift in Sources */,
			);
			runOnlyForDeploymentPostprocessing = 0;
		};
		84AB84B72689450600EAD613 /* Sources */ = {
			isa = PBXSourcesBuildPhase;
			buildActionMask = 2147483647;
			files = (
				84AB84D526894C9600EAD613 /* LengthConversionView.swift in Sources */,
				84AB84C22689450700EAD613 /* ContentView.swift in Sources */,
				84AB84D226894BC200EAD613 /* MainView.swift in Sources */,
				84AB84C02689450700EAD613 /* UnitConversionApp.swift in Sources */,
				84AB84CF2689477800EAD613 /* TemperatureView.swift in Sources */,
			);
			runOnlyForDeploymentPostprocessing = 0;
		};
/* End PBXSourcesBuildPhase section */

/* Begin XCBuildConfiguration section */
		84AB84C52689450700EAD613 /* Debug */ = {
			isa = XCBuildConfiguration;
			buildSettings = {
				ALWAYS_SEARCH_USER_PATHS = NO;
				CLANG_ANALYZER_NONNULL = YES;
				CLANG_ANALYZER_NUMBER_OBJECT_CONVERSION = YES_AGGRESSIVE;
				CLANG_CXX_LANGUAGE_STANDARD = "gnu++14";
				CLANG_CXX_LIBRARY = "libc++";
				CLANG_ENABLE_MODULES = YES;
				CLANG_ENABLE_OBJC_ARC = YES;
				CLANG_ENABLE_OBJC_WEAK = YES;
				CLANG_WARN_BLOCK_CAPTURE_AUTORELEASING = YES;
				CLANG_WARN_BOOL_CONVERSION = YES;
				CLANG_WARN_COMMA = YES;
				CLANG_WARN_CONSTANT_CONVERSION = YES;
				CLANG_WARN_DEPRECATED_OBJC_IMPLEMENTATIONS = YES;
				CLANG_WARN_DIRECT_OBJC_ISA_USAGE = YES_ERROR;
				CLANG_WARN_DOCUMENTATION_COMMENTS = YES;
				CLANG_WARN_EMPTY_BODY = YES;
				CLANG_WARN_ENUM_CONVERSION = YES;
				CLANG_WARN_INFINITE_RECURSION = YES;
				CLANG_WARN_INT_CONVERSION = YES;
				CLANG_WARN_NON_LITERAL_NULL_CONVERSION = YES;
				CLANG_WARN_OBJC_IMPLICIT_RETAIN_SELF = YES;
				CLANG_WARN_OBJC_LITERAL_CONVERSION = YES;
				CLANG_WARN_OBJC_ROOT_CLASS = YES_ERROR;
				CLANG_WARN_QUOTED_INCLUDE_IN_FRAMEWORK_HEADER = YES;
				CLANG_WARN_RANGE_LOOP_ANALYSIS = YES;
				CLANG_WARN_STRICT_PROTOTYPES = YES;
				CLANG_WARN_SUSPICIOUS_MOVE = YES;
				CLANG_WARN_UNGUARDED_AVAILABILITY = YES_AGGRESSIVE;
				CLANG_WARN_UNREACHABLE_CODE = YES;
				CLANG_WARN__DUPLICATE_METHOD_MATCH = YES;
				COPY_PHASE_STRIP = NO;
				DEBUG_INFORMATION_FORMAT = dwarf;
				ENABLE_STRICT_OBJC_MSGSEND = YES;
				ENABLE_TESTABILITY = YES;
				GCC_C_LANGUAGE_STANDARD = gnu11;
				GCC_DYNAMIC_NO_PIC = NO;
				GCC_NO_COMMON_BLOCKS = YES;
				GCC_OPTIMIZATION_LEVEL = 0;
				GCC_PREPROCESSOR_DEFINITIONS = (
					"DEBUG=1",
					"$(inherited)",
				);
				GCC_WARN_64_TO_32_BIT_CONVERSION = YES;
				GCC_WARN_ABOUT_RETURN_TYPE = YES_ERROR;
				GCC_WARN_UNDECLARED_SELECTOR = YES;
				GCC_WARN_UNINITIALIZED_AUTOS = YES_AGGRESSIVE;
				GCC_WARN_UNUSED_FUNCTION = YES;
				GCC_WARN_UNUSED_VARIABLE = YES;
				MTL_ENABLE_DEBUG_INFO = INCLUDE_SOURCE;
				MTL_FAST_MATH = YES;
				ONLY_ACTIVE_ARCH = YES;
				SWIFT_ACTIVE_COMPILATION_CONDITIONS = DEBUG;
				SWIFT_OPTIMIZATION_LEVEL = "-Onone";
			};
			name = Debug;
		};
		84AB84C62689450700EAD613 /* Release */ = {
			isa = XCBuildConfiguration;
			buildSettings = {
				ALWAYS_SEARCH_USER_PATHS = NO;
				CLANG_ANALYZER_NONNULL = YES;
				CLANG_ANALYZER_NUMBER_OBJECT_CONVERSION = YES_AGGRESSIVE;
				CLANG_CXX_LANGUAGE_STANDARD = "gnu++14";
				CLANG_CXX_LIBRARY = "libc++";
				CLANG_ENABLE_MODULES = YES;
				CLANG_ENABLE_OBJC_ARC = YES;
				CLANG_ENABLE_OBJC_WEAK = YES;
				CLANG_WARN_BLOCK_CAPTURE_AUTORELEASING = YES;
				CLANG_WARN_BOOL_CONVERSION = YES;
				CLANG_WARN_COMMA = YES;
				CLANG_WARN_CONSTANT_CONVERSION = YES;
				CLANG_WARN_DEPRECATED_OBJC_IMPLEMENTATIONS = YES;
				CLANG_WARN_DIRECT_OBJC_ISA_USAGE = YES_ERROR;
				CLANG_WARN_DOCUMENTATION_COMMENTS = YES;
				CLANG_WARN_EMPTY_BODY = YES;
				CLANG_WARN_ENUM_CONVERSION = YES;
				CLANG_WARN_INFINITE_RECURSION = YES;
				CLANG_WARN_INT_CONVERSION = YES;
				CLANG_WARN_NON_LITERAL_NULL_CONVERSION = YES;
				CLANG_WARN_OBJC_IMPLICIT_RETAIN_SELF = YES;
				CLANG_WARN_OBJC_LITERAL_CONVERSION = YES;
				CLANG_WARN_OBJC_ROOT_CLASS = YES_ERROR;
				CLANG_WARN_QUOTED_INCLUDE_IN_FRAMEWORK_HEADER = YES;
				CLANG_WARN_RANGE_LOOP_ANALYSIS = YES;
				CLANG_WARN_STRICT_PROTOTYPES = YES;
				CLANG_WARN_SUSPICIOUS_MOVE = YES;
				CLANG_WARN_UNGUARDED_AVAILABILITY = YES_AGGRESSIVE;
				CLANG_WARN_UNREACHABLE_CODE = YES;
				CLANG_WARN__DUPLICATE_METHOD_MATCH = YES;
				COPY_PHASE_STRIP = NO;
				DEBUG_INFORMATION_FORMAT = "dwarf-with-dsym";
				ENABLE_NS_ASSERTIONS = NO;
				ENABLE_STRICT_OBJC_MSGSEND = YES;
				GCC_C_LANGUAGE_STANDARD = gnu11;
				GCC_NO_COMMON_BLOCKS = YES;
				GCC_WARN_64_TO_32_BIT_CONVERSION = YES;
				GCC_WARN_ABOUT_RETURN_TYPE = YES_ERROR;
				GCC_WARN_UNDECLARED_SELECTOR = YES;
				GCC_WARN_UNINITIALIZED_AUTOS = YES_AGGRESSIVE;
				GCC_WARN_UNUSED_FUNCTION = YES;
				GCC_WARN_UNUSED_VARIABLE = YES;
				MTL_ENABLE_DEBUG_INFO = NO;
				MTL_FAST_MATH = YES;
				SWIFT_COMPILATION_MODE = wholemodule;
				SWIFT_OPTIMIZATION_LEVEL = "-O";
			};
			name = Release;
		};
		84AB84C82689450700EAD613 /* Debug */ = {
			isa = XCBuildConfiguration;
			buildSettings = {
				ASSETCATALOG_COMPILER_APPICON_NAME = AppIcon;
				ASSETCATALOG_COMPILER_GLOBAL_ACCENT_COLOR_NAME = AccentColor;
				CODE_SIGN_STYLE = Automatic;
				DEVELOPMENT_TEAM = N9Y48TDF3X;
				ENABLE_PREVIEWS = YES;
				INFOPLIST_FILE = iOS/Info.plist;
				IPHONEOS_DEPLOYMENT_TARGET = 14.0;
				LD_RUNPATH_SEARCH_PATHS = (
					"$(inherited)",
					"@executable_path/Frameworks",
				);
				PRODUCT_BUNDLE_IDENTIFIER = com.cjgaspari.UnitConversion;
				PRODUCT_NAME = UnitConversion;
				SDKROOT = iphoneos;
				SWIFT_VERSION = 5.0;
				TARGETED_DEVICE_FAMILY = "1,2";
			};
			name = Debug;
		};
		84AB84C92689450700EAD613 /* Release */ = {
			isa = XCBuildConfiguration;
			buildSettings = {
				ASSETCATALOG_COMPILER_APPICON_NAME = AppIcon;
				ASSETCATALOG_COMPILER_GLOBAL_ACCENT_COLOR_NAME = AccentColor;
				CODE_SIGN_STYLE = Automatic;
				DEVELOPMENT_TEAM = N9Y48TDF3X;
				ENABLE_PREVIEWS = YES;
				INFOPLIST_FILE = iOS/Info.plist;
				IPHONEOS_DEPLOYMENT_TARGET = 14.0;
				LD_RUNPATH_SEARCH_PATHS = (
					"$(inherited)",
					"@executable_path/Frameworks",
				);
				PRODUCT_BUNDLE_IDENTIFIER = com.cjgaspari.UnitConversion;
				PRODUCT_NAME = UnitConversion;
				SDKROOT = iphoneos;
				SWIFT_VERSION = 5.0;
				TARGETED_DEVICE_FAMILY = "1,2";
				VALIDATE_PRODUCT = YES;
			};
			name = Release;
		};
		84AB84CB2689450700EAD613 /* Debug */ = {
			isa = XCBuildConfiguration;
			buildSettings = {
				ASSETCATALOG_COMPILER_APPICON_NAME = AppIcon;
				ASSETCATALOG_COMPILER_GLOBAL_ACCENT_COLOR_NAME = AccentColor;
				CODE_SIGN_ENTITLEMENTS = macOS/macOS.entitlements;
				CODE_SIGN_STYLE = Automatic;
				COMBINE_HIDPI_IMAGES = YES;
				DEVELOPMENT_TEAM = N9Y48TDF3X;
				ENABLE_HARDENED_RUNTIME = YES;
				ENABLE_PREVIEWS = YES;
				INFOPLIST_FILE = macOS/Info.plist;
				LD_RUNPATH_SEARCH_PATHS = (
					"$(inherited)",
					"@executable_path/../Frameworks",
				);
				MACOSX_DEPLOYMENT_TARGET = 11.0;
				PRODUCT_BUNDLE_IDENTIFIER = com.cjgaspari.UnitConversion;
				PRODUCT_NAME = UnitConversion;
				SDKROOT = macosx;
				SWIFT_VERSION = 5.0;
			};
			name = Debug;
		};
		84AB84CC2689450700EAD613 /* Release */ = {
			isa = XCBuildConfiguration;
			buildSettings = {
				ASSETCATALOG_COMPILER_APPICON_NAME = AppIcon;
				ASSETCATALOG_COMPILER_GLOBAL_ACCENT_COLOR_NAME = AccentColor;
				CODE_SIGN_ENTITLEMENTS = macOS/macOS.entitlements;
				CODE_SIGN_STYLE = Automatic;
				COMBINE_HIDPI_IMAGES = YES;
				DEVELOPMENT_TEAM = N9Y48TDF3X;
				ENABLE_HARDENED_RUNTIME = YES;
				ENABLE_PREVIEWS = YES;
				INFOPLIST_FILE = macOS/Info.plist;
				LD_RUNPATH_SEARCH_PATHS = (
					"$(inherited)",
					"@executable_path/../Frameworks",
				);
				MACOSX_DEPLOYMENT_TARGET = 11.0;
				PRODUCT_BUNDLE_IDENTIFIER = com.cjgaspari.UnitConversion;
				PRODUCT_NAME = UnitConversion;
				SDKROOT = macosx;
				SWIFT_VERSION = 5.0;
			};
			name = Release;
		};
/* End XCBuildConfiguration section */

/* Begin XCConfigurationList section */
		84AB84AA2689450300EAD613 /* Build configuration list for PBXProject "UnitConversion" */ = {
			isa = XCConfigurationList;
			buildConfigurations = (
				84AB84C52689450700EAD613 /* Debug */,
				84AB84C62689450700EAD613 /* Release */,
			);
			defaultConfigurationIsVisible = 0;
			defaultConfigurationName = Release;
		};
		84AB84C72689450700EAD613 /* Build configuration list for PBXNativeTarget "UnitConversion (iOS)" */ = {
			isa = XCConfigurationList;
			buildConfigurations = (
				84AB84C82689450700EAD613 /* Debug */,
				84AB84C92689450700EAD613 /* Release */,
			);
			defaultConfigurationIsVisible = 0;
			defaultConfigurationName = Release;
		};
		84AB84CA2689450700EAD613 /* Build configuration list for PBXNativeTarget "UnitConversion (macOS)" */ = {
			isa = XCConfigurationList;
			buildConfigurations = (
				84AB84CB2689450700EAD613 /* Debug */,
				84AB84CC2689450700EAD613 /* Release */,
			);
			defaultConfigurationIsVisible = 0;
			defaultConfigurationName = Release;
		};
/* End XCConfigurationList section */
	};
	rootObject = 84AB84A72689450300EAD613 /* Project object */;
}
